Microsoft Visual Studio Solution File, Format Version 12.00
# Visual Studio Version 17
VisualStudioVersion = 17.5.2.0
MinimumVisualStudioVersion = 10.0.40219.1
Project("{FAE04EC0-301F-11D3-BF4B-00C04F79EFBC}") = "4_Polymorphism", "4_Polymorphism.csproj", "{1A37DE8F-10CA-D3C0-4BCA-C093703E99C2}"
EndProject
Global
	GlobalSection(SolutionConfigurationPlatforms) = preSolution
		Debug|Any CPU = Debug|Any CPU
		Release|Any CPU = Release|Any CPU
	EndGlobalSection
	GlobalSection(ProjectConfigurationPlatforms) = postSolution
		{1A37DE8F-10CA-D3C0-4BCA-C093703E99C2}.Debug|Any CPU.ActiveCfg = Debug|Any CPU
		{1A37DE8F-10CA-D3C0-4BCA-C093703E99C2}.Debug|Any CPU.Build.0 = Debug|Any CPU
		{1A37DE8F-10CA-D3C0-4BCA-C093703E99C2}.Release|Any CPU.ActiveCfg = Release|Any CPU
		{1A37DE8F-10CA-D3C0-4BCA-C093703E99C2}.Release|Any CPU.Build.0 = Release|Any CPU
	EndGlobalSection
	GlobalSection(SolutionProperties) = preSolution
		HideSolutionNode = FALSE
	EndGlobalSection
	GlobalSection(ExtensibilityGlobals) = postSolution
		SolutionGuid = {D3DD7198-F554-4D9E-AC6A-0E0BACAA24CC}
	EndGlobalSection
EndGlobal
