Microsoft Visual Studio Solution File, Format Version 12.00
# Visual Studio Version 17
VisualStudioVersion = 17.5.2.0
MinimumVisualStudioVersion = 10.0.40219.1
Project("{FAE04EC0-301F-11D3-BF4B-00C04F79EFBC}") = "16_Q1_PaymentProcessingSystem", "16_Q1_PaymentProcessingSystem.csproj", "{6657499C-E9CF-CFCA-B074-A8074A7F20B3}"
EndProject
Global
	GlobalSection(SolutionConfigurationPlatforms) = preSolution
		Debug|Any CPU = Debug|Any CPU
		Release|Any CPU = Release|Any CPU
	EndGlobalSection
	GlobalSection(ProjectConfigurationPlatforms) = postSolution
		{6657499C-E9CF-CFCA-B074-A8074A7F20B3}.Debug|Any CPU.ActiveCfg = Debug|Any CPU
		{6657499C-E9CF-CFCA-B074-A8074A7F20B3}.Debug|Any CPU.Build.0 = Debug|Any CPU
		{6657499C-E9CF-CFCA-B074-A8074A7F20B3}.Release|Any CPU.ActiveCfg = Release|Any CPU
		{6657499C-E9CF-CFCA-B074-A8074A7F20B3}.Release|Any CPU.Build.0 = Release|Any CPU
	EndGlobalSection
	GlobalSection(SolutionProperties) = preSolution
		HideSolutionNode = FALSE
	EndGlobalSection
	GlobalSection(ExtensibilityGlobals) = postSolution
		SolutionGuid = {DA0090A9-D08A-43BD-AC94-D407EC2A6F15}
	EndGlobalSection
EndGlobal
